
Microsoft Visual Studio Solution File, Format Version 12.00
# Visual Studio Version 17
VisualStudioVersion = 17.8.34330.188
MinimumVisualStudioVersion = 10.0.40219.1
Project("{FAE04EC0-301F-11D3-BF4B-00C04F79EFBC}") = "Types Of List", "Types Of List\Types Of List.csproj", "{B9FDCF79-1A5C-4E20-8084-0437CE5C09ED}"
EndProject
Global
	GlobalSection(SolutionConfigurationPlatforms) = preSolution
		Debug|Any CPU = Debug|Any CPU
		Release|Any CPU = Release|Any CPU
	EndGlobalSection
	GlobalSection(ProjectConfigurationPlatforms) = postSolution
		{B9FDCF79-1A5C-4E20-8084-0437CE5C09ED}.Debug|Any CPU.ActiveCfg = Debug|Any CPU
		{B9FDCF79-1A5C-4E20-8084-0437CE5C09ED}.Debug|Any CPU.Build.0 = Debug|Any CPU
		{B9FDCF79-1A5C-4E20-8084-0437CE5C09ED}.Release|Any CPU.ActiveCfg = Release|Any CPU
		{B9FDCF79-1A5C-4E20-8084-0437CE5C09ED}.Release|Any CPU.Build.0 = Release|Any CPU
	EndGlobalSection
	GlobalSection(SolutionProperties) = preSolution
		HideSolutionNode = FALSE
	EndGlobalSection
	GlobalSection(ExtensibilityGlobals) = postSolution
		SolutionGuid = {0CF040E3-6816-4858-A58C-64B5E17D811E}
	EndGlobalSection
EndGlobal
